
Microsoft Visual Studio Solution File, Format Version 12.00
# Visual Studio 15
VisualStudioVersion = 15.0.28307.1525
MinimumVisualStudioVersion = 10.0.40219.1
Project("{8BC9CEB8-8B4A-11D0-8D11-00A0C91BC942}") = "羽毛球场地预约系统", "羽毛球场地预约系统\羽毛球场地预约系统.vcxproj", "{8CD04432-B0FE-4428-8A11-5CFF49968716}"
EndProject
Global
	GlobalSection(SolutionConfigurationPlatforms) = preSolution
		Debug|x64 = Debug|x64
		Debug|x86 = Debug|x86
		Release|x64 = Release|x64
		Release|x86 = Release|x86
	EndGlobalSection
	GlobalSection(ProjectConfigurationPlatforms) = postSolution
		{8CD04432-B0FE-4428-8A11-5CFF49968716}.Debug|x64.ActiveCfg = Debug|x64
		{8CD04432-B0FE-4428-8A11-5CFF49968716}.Debug|x64.Build.0 = Debug|x64
		{8CD04432-B0FE-4428-8A11-5CFF49968716}.Debug|x86.ActiveCfg = Debug|Win32
		{8CD04432-B0FE-4428-8A11-5CFF49968716}.Debug|x86.Build.0 = Debug|Win32
		{8CD04432-B0FE-4428-8A11-5CFF49968716}.Release|x64.ActiveCfg = Release|x64
		{8CD04432-B0FE-4428-8A11-5CFF49968716}.Release|x64.Build.0 = Release|x64
		{8CD04432-B0FE-4428-8A11-5CFF49968716}.Release|x86.ActiveCfg = Release|Win32
		{8CD04432-B0FE-4428-8A11-5CFF49968716}.Release|x86.Build.0 = Release|Win32
	EndGlobalSection
	GlobalSection(SolutionProperties) = preSolution
		HideSolutionNode = FALSE
	EndGlobalSection
	GlobalSection(ExtensibilityGlobals) = postSolution
		SolutionGuid = {8338EBA2-8035-459F-9000-F1B57924148F}
	EndGlobalSection
EndGlobal
